
Microsoft Visual Studio Solution File, Format Version 12.00
# Visual Studio Version 16
VisualStudioVersion = 16.0.30907.101
MinimumVisualStudioVersion = 10.0.40219.1
Project("{9A19103F-16F7-4668-BE54-9A1E7A4F7556}") = "Raat.Api", "Raat.Api\Raat.Api.csproj", "{00F6CA4E-BE73-4B3E-90D0-29A5319D9160}"
EndProject
Project("{9A19103F-16F7-4668-BE54-9A1E7A4F7556}") = "Raat.Web", "Raat.Web\Raat.Web.csproj", "{14F86463-DA33-4956-A734-4FA00CC53B11}"
EndProject
Project("{9A19103F-16F7-4668-BE54-9A1E7A4F7556}") = "Raat.Shared", "Raat.Shared\Raat.Shared.csproj", "{07ACE558-F0A2-493A-BF7C-5DC5E30D5A4E}"
EndProject
Global
	GlobalSection(SolutionConfigurationPlatforms) = preSolution
		Debug|Any CPU = Debug|Any CPU
		Release|Any CPU = Release|Any CPU
	EndGlobalSection
	GlobalSection(ProjectConfigurationPlatforms) = postSolution
		{00F6CA4E-BE73-4B3E-90D0-29A5319D9160}.Debug|Any CPU.ActiveCfg = Debug|Any CPU
		{00F6CA4E-BE73-4B3E-90D0-29A5319D9160}.Debug|Any CPU.Build.0 = Debug|Any CPU
		{00F6CA4E-BE73-4B3E-90D0-29A5319D9160}.Release|Any CPU.ActiveCfg = Release|Any CPU
		{00F6CA4E-BE73-4B3E-90D0-29A5319D9160}.Release|Any CPU.Build.0 = Release|Any CPU
		{14F86463-DA33-4956-A734-4FA00CC53B11}.Debug|Any CPU.ActiveCfg = Debug|Any CPU
		{14F86463-DA33-4956-A734-4FA00CC53B11}.Debug|Any CPU.Build.0 = Debug|Any CPU
		{14F86463-DA33-4956-A734-4FA00CC53B11}.Release|Any CPU.ActiveCfg = Release|Any CPU
		{14F86463-DA33-4956-A734-4FA00CC53B11}.Release|Any CPU.Build.0 = Release|Any CPU
		{07ACE558-F0A2-493A-BF7C-5DC5E30D5A4E}.Debug|Any CPU.ActiveCfg = Debug|Any CPU
		{07ACE558-F0A2-493A-BF7C-5DC5E30D5A4E}.Debug|Any CPU.Build.0 = Debug|Any CPU
		{07ACE558-F0A2-493A-BF7C-5DC5E30D5A4E}.Release|Any CPU.ActiveCfg = Release|Any CPU
		{07ACE558-F0A2-493A-BF7C-5DC5E30D5A4E}.Release|Any CPU.Build.0 = Release|Any CPU
	EndGlobalSection
	GlobalSection(SolutionProperties) = preSolution
		HideSolutionNode = FALSE
	EndGlobalSection
	GlobalSection(ExtensibilityGlobals) = postSolution
		SolutionGuid = {428DB9D8-3CA3-4C15-BED0-A5FA53A4D5F7}
	EndGlobalSection
EndGlobal
